# This file is automatically @generated by Poetry 2.1.2 and should not be changed by hand.

[[package]]
name = "joblib"
version = "1.5.2"
description = "Lightweight pipelining with Python functions"
optional = false
python-versions = ">=3.9"
groups = ["main"]
files = [
    {file = "joblib-1.5.2-py3-none-any.whl", hash = "sha256:4e1f0bdbb987e6d843c70cf43714cb276623def372df3c22fe5266b2670bc241"},
    {file = "joblib-1.5.2.tar.gz", hash = "sha256:3faa5c39054b2f03ca547da9b2f52fde67c06240c31853f306aea97f13647b55"},
]

[metadata]
lock-version = "2.1"
python-versions = ">=3.13"
content-hash = "433a5cbad8feec0bbd4417e0f13e0d3fcf86a60e663a6df852de3b15f99f96d7"
